
Microsoft Visual Studio Solution File, Format Version 12.00
# Visual Studio Version 17
VisualStudioVersion = 17.11.35327.3
MinimumVisualStudioVersion = 10.0.40219.1
Project("{FAE04EC0-301F-11D3-BF4B-00C04F79EFBC}") = "Lab03", "Lab03\Lab03.csproj", "{1BC7A645-3C63-4EDE-AC48-EF9BD387F398}"
EndProject
Global
	GlobalSection(SolutionConfigurationPlatforms) = preSolution
		Debug|Any CPU = Debug|Any CPU
		Release|Any CPU = Release|Any CPU
	EndGlobalSection
	GlobalSection(ProjectConfigurationPlatforms) = postSolution
		{1BC7A645-3C63-4EDE-AC48-EF9BD387F398}.Debug|Any CPU.ActiveCfg = Debug|Any CPU
		{1BC7A645-3C63-4EDE-AC48-EF9BD387F398}.Debug|Any CPU.Build.0 = Debug|Any CPU
		{1BC7A645-3C63-4EDE-AC48-EF9BD387F398}.Release|Any CPU.ActiveCfg = Release|Any CPU
		{1BC7A645-3C63-4EDE-AC48-EF9BD387F398}.Release|Any CPU.Build.0 = Release|Any CPU
	EndGlobalSection
	GlobalSection(SolutionProperties) = preSolution
		HideSolutionNode = FALSE
	EndGlobalSection
	GlobalSection(ExtensibilityGlobals) = postSolution
		SolutionGuid = {76D47B42-588E-437B-ABE6-D9F7FB50F93F}
	EndGlobalSection
EndGlobal
