
Microsoft Visual Studio Solution File, Format Version 12.00
# Visual Studio Version 17
VisualStudioVersion = 17.11.35327.3
MinimumVisualStudioVersion = 10.0.40219.1
Project("{FAE04EC0-301F-11D3-BF4B-00C04F79EFBC}") = "Lab06", "Lab06\Lab06.csproj", "{F1EE8592-CD3E-4B35-BA29-9FFF440A00CA}"
EndProject
Global
	GlobalSection(SolutionConfigurationPlatforms) = preSolution
		Debug|Any CPU = Debug|Any CPU
		Release|Any CPU = Release|Any CPU
	EndGlobalSection
	GlobalSection(ProjectConfigurationPlatforms) = postSolution
		{F1EE8592-CD3E-4B35-BA29-9FFF440A00CA}.Debug|Any CPU.ActiveCfg = Debug|Any CPU
		{F1EE8592-CD3E-4B35-BA29-9FFF440A00CA}.Debug|Any CPU.Build.0 = Debug|Any CPU
		{F1EE8592-CD3E-4B35-BA29-9FFF440A00CA}.Release|Any CPU.ActiveCfg = Release|Any CPU
		{F1EE8592-CD3E-4B35-BA29-9FFF440A00CA}.Release|Any CPU.Build.0 = Release|Any CPU
	EndGlobalSection
	GlobalSection(SolutionProperties) = preSolution
		HideSolutionNode = FALSE
	EndGlobalSection
	GlobalSection(ExtensibilityGlobals) = postSolution
		SolutionGuid = {216D1F67-C98B-4370-A77C-A17BC1C63166}
	EndGlobalSection
EndGlobal
